
Microsoft Visual Studio Solution File, Format Version 12.00
# Visual Studio 14
VisualStudioVersion = 14.0.25420.1
MinimumVisualStudioVersion = 10.0.40219.1
Project("{FAE04EC0-301F-11D3-BF4B-00C04F79EFBC}") = "MVC03", "MVC03\MVC03.csproj", "{3CAB6EEB-0AE6-46D2-8837-04F9FB79EB39}"
EndProject
Project("{FAE04EC0-301F-11D3-BF4B-00C04F79EFBC}") = "MVC03.Tests", "MVC03.Tests\MVC03.Tests.csproj", "{D0830A8A-D945-4CFB-9DAC-0396736A90D1}"
EndProject
Global
	GlobalSection(SolutionConfigurationPlatforms) = preSolution
		Debug|Any CPU = Debug|Any CPU
		Release|Any CPU = Release|Any CPU
	EndGlobalSection
	GlobalSection(ProjectConfigurationPlatforms) = postSolution
		{3CAB6EEB-0AE6-46D2-8837-04F9FB79EB39}.Debug|Any CPU.ActiveCfg = Debug|Any CPU
		{3CAB6EEB-0AE6-46D2-8837-04F9FB79EB39}.Debug|Any CPU.Build.0 = Debug|Any CPU
		{3CAB6EEB-0AE6-46D2-8837-04F9FB79EB39}.Release|Any CPU.ActiveCfg = Release|Any CPU
		{3CAB6EEB-0AE6-46D2-8837-04F9FB79EB39}.Release|Any CPU.Build.0 = Release|Any CPU
		{D0830A8A-D945-4CFB-9DAC-0396736A90D1}.Debug|Any CPU.ActiveCfg = Debug|Any CPU
		{D0830A8A-D945-4CFB-9DAC-0396736A90D1}.Debug|Any CPU.Build.0 = Debug|Any CPU
		{D0830A8A-D945-4CFB-9DAC-0396736A90D1}.Release|Any CPU.ActiveCfg = Release|Any CPU
		{D0830A8A-D945-4CFB-9DAC-0396736A90D1}.Release|Any CPU.Build.0 = Release|Any CPU
	EndGlobalSection
	GlobalSection(SolutionProperties) = preSolution
		HideSolutionNode = FALSE
	EndGlobalSection
EndGlobal
